Microsoft Visual Studio Solution File, Format Version 12.00
# Visual Studio Version 17
VisualStudioVersion = 17.5.2.0
MinimumVisualStudioVersion = 10.0.40219.1
Project("{FAE04EC0-301F-11D3-BF4B-00C04F79EFBC}") = "mylogger", "mylogger.csproj", "{C0FD80D3-28A1-0599-FC42-468B5E54196F}"
EndProject
Global
	GlobalSection(SolutionConfigurationPlatforms) = preSolution
		Debug|Any CPU = Debug|Any CPU
		Release|Any CPU = Release|Any CPU
	EndGlobalSection
	GlobalSection(ProjectConfigurationPlatforms) = postSolution
		{C0FD80D3-28A1-0599-FC42-468B5E54196F}.Debug|Any CPU.ActiveCfg = Debug|Any CPU
		{C0FD80D3-28A1-0599-FC42-468B5E54196F}.Debug|Any CPU.Build.0 = Debug|Any CPU
		{C0FD80D3-28A1-0599-FC42-468B5E54196F}.Release|Any CPU.ActiveCfg = Release|Any CPU
		{C0FD80D3-28A1-0599-FC42-468B5E54196F}.Release|Any CPU.Build.0 = Release|Any CPU
	EndGlobalSection
	GlobalSection(SolutionProperties) = preSolution
		HideSolutionNode = FALSE
	EndGlobalSection
	GlobalSection(ExtensibilityGlobals) = postSolution
		SolutionGuid = {086BA0B1-0D76-4836-B779-E1E41D267DCE}
	EndGlobalSection
EndGlobal
